<?xml version="1.0" encoding="utf-8"?>
<Project ToolsVersion="4.0" xmlns="http://schemas.microsoft.com/developer/msbuild/2003">
  <ItemGroup>
    <ClCompile Include="entry.cpp" />
    <ClCompile Include="client.cpp">
      <Filter>client</Filter>
    </ClCompile>
  </ItemGroup>
  <ItemGroup>
    <Filter Include="sdk">
      <UniqueIdentifier>{91769b2d-e850-4a2b-a306-e441a3f88561}</UniqueIdentifier>
    </Filter>
    <Filter Include="sdk\offsets">
      <UniqueIdentifier>{391907d1-5d53-4c24-9a52-e66b5efec4f5}</UniqueIdentifier>
    </Filter>
    <Filter Include="sdk\minhook">
      <UniqueIdentifier>{75287e7a-b8fe-453d-b3bc-009a8c8419d3}</UniqueIdentifier>
    </Filter>
    <Filter Include="client">
      <UniqueIdentifier>{b5f075f1-22c4-493f-8a9c-9d91f33ea4cb}</UniqueIdentifier>
    </Filter>
  </ItemGroup>
  <ItemGroup>
    <ClInclude Include="sdk.h">
      <Filter>sdk</Filter>
    </ClInclude>
    <ClInclude Include="offsets.h">
      <Filter>sdk\offsets</Filter>
    </ClInclude>
    <ClInclude Include="minhook.h">
      <Filter>sdk\minhook</Filter>
    </ClInclude>
    <ClInclude Include="client.h">
      <Filter>client</Filter>
    </ClInclude>
  </ItemGroup>
</Project>